<Solution>
  <Project Path="Assembly-CSharp.csproj" />
  <Project Path="BezierSolution.Runtime.csproj" />
  <Project Path="Unity.XR.Interaction.Toolkit.Samples.InteractionSimulator.csproj" />
  <Project Path="Unity.XR.Interaction.Toolkit.Samples.StarterAssets.csproj" />
  <Project Path="BezierSolution.Editor.csproj" />
  <Project Path="Assembly-CSharp-Editor.csproj" />
  <Project Path="Unity.XR.Interaction.Toolkit.Samples.StarterAssets.Editor.csproj" />
  <Project Path="PimDeWitte.UnityMainThreadDispatcher.csproj" />
  <Project Path="Unity.XR.Interaction.Toolkit.Samples.InteractionSimulator.Editor.csproj" />
</Solution>
